
Microsoft Visual Studio Solution File, Format Version 12.00
# Visual Studio Version 16
VisualStudioVersion = 16.0.28803.916
MinimumVisualStudioVersion = 10.0.40219.1
Project("{FAE04EC0-301F-11D3-BF4B-00C04F79EFBC}") = "Exemplo1", "Exemplo1\Exemplo1.csproj", "{797229EE-B142-4EC8-A039-5770EC722E41}"
EndProject
Global
	GlobalSection(SolutionConfigurationPlatforms) = preSolution
		Debug|Any CPU = Debug|Any CPU
		Release|Any CPU = Release|Any CPU
	EndGlobalSection
	GlobalSection(ProjectConfigurationPlatforms) = postSolution
		{797229EE-B142-4EC8-A039-5770EC722E41}.Debug|Any CPU.ActiveCfg = Debug|Any CPU
		{797229EE-B142-4EC8-A039-5770EC722E41}.Debug|Any CPU.Build.0 = Debug|Any CPU
		{797229EE-B142-4EC8-A039-5770EC722E41}.Release|Any CPU.ActiveCfg = Release|Any CPU
		{797229EE-B142-4EC8-A039-5770EC722E41}.Release|Any CPU.Build.0 = Release|Any CPU
	EndGlobalSection
	GlobalSection(SolutionProperties) = preSolution
		HideSolutionNode = FALSE
	EndGlobalSection
	GlobalSection(ExtensibilityGlobals) = postSolution
		SolutionGuid = {F00BE854-DD53-4662-93BC-53FEE1CACFA9}
	EndGlobalSection
EndGlobal
