
Microsoft Visual Studio Solution File, Format Version 12.00
# Visual Studio Version 16
VisualStudioVersion = 16.0.28803.916
MinimumVisualStudioVersion = 10.0.40219.1
Project("{FAE04EC0-301F-11D3-BF4B-00C04F79EFBC}") = "Exemplo3", "Exemplo3\Exemplo3.csproj", "{513C2F73-A63A-4086-AB40-9DBF86F474D0}"
EndProject
Global
	GlobalSection(SolutionConfigurationPlatforms) = preSolution
		Debug|Any CPU = Debug|Any CPU
		Release|Any CPU = Release|Any CPU
	EndGlobalSection
	GlobalSection(ProjectConfigurationPlatforms) = postSolution
		{513C2F73-A63A-4086-AB40-9DBF86F474D0}.Debug|Any CPU.ActiveCfg = Debug|Any CPU
		{513C2F73-A63A-4086-AB40-9DBF86F474D0}.Debug|Any CPU.Build.0 = Debug|Any CPU
		{513C2F73-A63A-4086-AB40-9DBF86F474D0}.Release|Any CPU.ActiveCfg = Release|Any CPU
		{513C2F73-A63A-4086-AB40-9DBF86F474D0}.Release|Any CPU.Build.0 = Release|Any CPU
	EndGlobalSection
	GlobalSection(SolutionProperties) = preSolution
		HideSolutionNode = FALSE
	EndGlobalSection
	GlobalSection(ExtensibilityGlobals) = postSolution
		SolutionGuid = {8EC1E7CD-CC3B-420A-901A-0A80A5F1BB13}
	EndGlobalSection
EndGlobal
