
Microsoft Visual Studio Solution File, Format Version 12.00
# Visual Studio Version 16
VisualStudioVersion = 16.0.28803.916
MinimumVisualStudioVersion = 10.0.40219.1
Project("{FAE04EC0-301F-11D3-BF4B-00C04F79EFBC}") = "Exemplo4", "Exemplo4\Exemplo4.csproj", "{DF9EE34D-DBE8-4298-8D9D-A18D7300222C}"
EndProject
Global
	GlobalSection(SolutionConfigurationPlatforms) = preSolution
		Debug|Any CPU = Debug|Any CPU
		Release|Any CPU = Release|Any CPU
	EndGlobalSection
	GlobalSection(ProjectConfigurationPlatforms) = postSolution
		{DF9EE34D-DBE8-4298-8D9D-A18D7300222C}.Debug|Any CPU.ActiveCfg = Debug|Any CPU
		{DF9EE34D-DBE8-4298-8D9D-A18D7300222C}.Debug|Any CPU.Build.0 = Debug|Any CPU
		{DF9EE34D-DBE8-4298-8D9D-A18D7300222C}.Release|Any CPU.ActiveCfg = Release|Any CPU
		{DF9EE34D-DBE8-4298-8D9D-A18D7300222C}.Release|Any CPU.Build.0 = Release|Any CPU
	EndGlobalSection
	GlobalSection(SolutionProperties) = preSolution
		HideSolutionNode = FALSE
	EndGlobalSection
	GlobalSection(ExtensibilityGlobals) = postSolution
		SolutionGuid = {A0C964A8-69B0-4E83-A90B-3C887AE3A3E2}
	EndGlobalSection
EndGlobal
